
Microsoft Visual Studio Solution File, Format Version 12.00
# Visual Studio Version 17
VisualStudioVersion = 17.1.32319.34
MinimumVisualStudioVersion = 10.0.40219.1
Project("{FAE04EC0-301F-11D3-BF4B-00C04F79EFBC}") = "Task6", "Task6\Task6.csproj", "{546EBF1A-D2ED-46D9-BD5F-70C8B35E1D92}"
EndProject
Global
	GlobalSection(SolutionConfigurationPlatforms) = preSolution
		Debug|Any CPU = Debug|Any CPU
		Release|Any CPU = Release|Any CPU
	EndGlobalSection
	GlobalSection(ProjectConfigurationPlatforms) = postSolution
		{546EBF1A-D2ED-46D9-BD5F-70C8B35E1D92}.Debug|Any CPU.ActiveCfg = Debug|Any CPU
		{546EBF1A-D2ED-46D9-BD5F-70C8B35E1D92}.Debug|Any CPU.Build.0 = Debug|Any CPU
		{546EBF1A-D2ED-46D9-BD5F-70C8B35E1D92}.Release|Any CPU.ActiveCfg = Release|Any CPU
		{546EBF1A-D2ED-46D9-BD5F-70C8B35E1D92}.Release|Any CPU.Build.0 = Release|Any CPU
	EndGlobalSection
	GlobalSection(SolutionProperties) = preSolution
		HideSolutionNode = FALSE
	EndGlobalSection
	GlobalSection(ExtensibilityGlobals) = postSolution
		SolutionGuid = {90F6A318-4B1D-4BCD-BE09-55B8BF1BB3C6}
	EndGlobalSection
EndGlobal
